<?xml version="1.0" encoding="utf-8"?>
<Project ToolsVersion="4.0" xmlns="http://schemas.microsoft.com/developer/msbuild/2003">
  <ItemGroup>
    <Filter Include="Source Files">
      <UniqueIdentifier>{4FC737F1-C7A5-4376-A066-2A32D752A2FF}</UniqueIdentifier>
      <Extensions>cpp;c;cc;cxx;c++;cppm;ixx;def;odl;idl;hpj;bat;asm;asmx</Extensions>
    </Filter>
    <Filter Include="Header Files">
      <UniqueIdentifier>{93995380-89BD-4b04-88EB-625FBE52EBFB}</UniqueIdentifier>
      <Extensions>h;hh;hpp;hxx;h++;hm;inl;inc;ipp;xsd</Extensions>
    </Filter>
    <Filter Include="Resource Files">
      <UniqueIdentifier>{67DA6AB6-F800-4c08-8B7A-83BB121AAD01}</UniqueIdentifier>
      <Extensions>rc;ico;cur;bmp;dlg;rc2;rct;bin;rgs;gif;jpg;jpeg;jpe;resx;tiff;tif;png;wav;mfcribbon-ms</Extensions>
    </Filter>
  </ItemGroup>
  <ItemGroup>
    <ClInclude Include="core\engine.h">
      <Filter>Header Files</Filter>
    </ClInclude>
    <ClInclude Include="core\common.h">
      <Filter>Header Files</Filter>
    </ClInclude>
    <ClInclude Include="core\engine_api.h">
      <Filter>Header Files</Filter>
    </ClInclude>
    <ClInclude Include="core\utils\logger.h">
      <Filter>Header Files</Filter>
    </ClInclude>
    <ClInclude Include="core\game_window.h">
      <Filter>Header Files</Filter>
    </ClInclude>
    <ClInclude Include="core\utils\key_code.h">
      <Filter>Header Files</Filter>
    </ClInclude>
    <ClInclude Include="core\utils\game_time.h">
      <Filter>Header Files</Filter>
    </ClInclude>
    <ClInclude Include="libs\imgui\imconfig.h">
      <Filter>Header Files</Filter>
    </ClInclude>
    <ClInclude Include="libs\imgui\imgui.h">
      <Filter>Header Files</Filter>
    </ClInclude>
    <ClInclude Include="libs\imgui\imgui_internal.h">
      <Filter>Header Files</Filter>
    </ClInclude>
    <ClInclude Include="libs\imgui\imstb_rectpack.h">
      <Filter>Header Files</Filter>
    </ClInclude>
    <ClInclude Include="libs\imgui\imstb_textedit.h">
      <Filter>Header Files</Filter>
    </ClInclude>
    <ClInclude Include="libs\imgui\imstb_truetype.h">
      <Filter>Header Files</Filter>
    </ClInclude>
    <ClInclude Include="libs\imgui\imgui_impl_opengl3.h">
      <Filter>Header Files</Filter>
    </ClInclude>
    <ClInclude Include="libs\imgui\imgui_impl_glfw.h">
      <Filter>Header Files</Filter>
    </ClInclude>
    <ClInclude Include="core\utils\utilsbase.h">
      <Filter>Header Files</Filter>
    </ClInclude>
    <ClInclude Include="libs\tinyxml2.h">
      <Filter>Header Files</Filter>
    </ClInclude>
    <ClInclude Include="core\uuid_object.h">
      <Filter>Header Files</Filter>
    </ClInclude>
    <ClInclude Include="graphics\renderer.h">
      <Filter>Header Files</Filter>
    </ClInclude>
    <ClInclude Include="core\input_manager.h">
      <Filter>Header Files</Filter>
    </ClInclude>
    <ClInclude Include="core\utils\singleton.h">
      <Filter>Header Files</Filter>
    </ClInclude>
    <ClInclude Include="core\callback_storage.h">
      <Filter>Header Files</Filter>
    </ClInclude>
    <ClInclude Include="graphics\buffer.h">
      <Filter>Header Files</Filter>
    </ClInclude>
    <ClInclude Include="graphics\vertex_buffer.h">
      <Filter>Header Files</Filter>
    </ClInclude>
    <ClInclude Include="graphics\index_buffer.h">
      <Filter>Header Files</Filter>
    </ClInclude>
    <ClInclude Include="io\resource_manager.h">
      <Filter>Header Files</Filter>
    </ClInclude>
    <ClInclude Include="io\resource_manager_inline.h">
      <Filter>Header Files</Filter>
    </ClInclude>
    <ClInclude Include="graphics\shader.h">
      <Filter>Header Files</Filter>
    </ClInclude>
    <ClInclude Include="graphics\vertex.h">
      <Filter>Header Files</Filter>
    </ClInclude>
    <ClInclude Include="game\components\drawable.h">
      <Filter>Header Files</Filter>
    </ClInclude>
    <ClInclude Include="graphics\vertex_buffer_inline.h">
      <Filter>Header Files</Filter>
    </ClInclude>
    <ClInclude Include="graphics\index_buffer_inline.h">
      <Filter>Header Files</Filter>
    </ClInclude>
    <ClInclude Include="game\game_object.h">
      <Filter>Header Files</Filter>
    </ClInclude>
    <ClInclude Include="game\components\transform.h">
      <Filter>Header Files</Filter>
    </ClInclude>
    <ClInclude Include="game\components\component.h">
      <Filter>Header Files</Filter>
    </ClInclude>
    <ClInclude Include="game\game_object_inline.h">
      <Filter>Header Files</Filter>
    </ClInclude>
    <ClInclude Include="game\components\camera.h">
      <Filter>Header Files</Filter>
    </ClInclude>
    <ClInclude Include="game\scene\scene_manager.h">
      <Filter>Header Files</Filter>
    </ClInclude>
    <ClInclude Include="game\scene\scene.h">
      <Filter>Header Files</Filter>
    </ClInclude>
    <ClInclude Include="game\scene\scene_manager_inline.h">
      <Filter>Header Files</Filter>
    </ClInclude>
    <ClInclude Include="game\components\test_comp_rotator.h">
      <Filter>Header Files</Filter>
    </ClInclude>
    <ClInclude Include="graphics\texture.h">
      <Filter>Header Files</Filter>
    </ClInclude>
    <ClInclude Include="libs\stb\stb_image.h">
      <Filter>Header Files</Filter>
    </ClInclude>
    <ClInclude Include="libs\stb\stb_truetype.h">
      <Filter>Header Files</Filter>
    </ClInclude>
    <ClInclude Include="graphics\frame_buffer.h">
      <Filter>Header Files</Filter>
    </ClInclude>
    <ClInclude Include="libs\uuid.h">
      <Filter>Header Files</Filter>
    </ClInclude>
    <ClInclude Include="scripts\script_core.h">
      <Filter>Header Files</Filter>
    </ClInclude>
    <ClInclude Include="core\editor\filesystem_tree_ui.h">
      <Filter>Header Files</Filter>
    </ClInclude>
  </ItemGroup>
  <ItemGroup>
    <ClCompile Include="core\engine.cpp">
      <Filter>Source Files</Filter>
    </ClCompile>
    <ClCompile Include="core\utils\logger.cpp">
      <Filter>Source Files</Filter>
    </ClCompile>
    <ClCompile Include="core\game_window.cpp">
      <Filter>Source Files</Filter>
    </ClCompile>
    <ClCompile Include="core\utils\game_time.cpp">
      <Filter>Source Files</Filter>
    </ClCompile>
    <ClCompile Include="libs\imgui\imgui.cpp">
      <Filter>Source Files</Filter>
    </ClCompile>
    <ClCompile Include="libs\imgui\imgui_demo.cpp">
      <Filter>Source Files</Filter>
    </ClCompile>
    <ClCompile Include="libs\imgui\imgui_draw.cpp">
      <Filter>Source Files</Filter>
    </ClCompile>
    <ClCompile Include="libs\imgui\imgui_tables.cpp">
      <Filter>Source Files</Filter>
    </ClCompile>
    <ClCompile Include="libs\imgui\imgui_widgets.cpp">
      <Filter>Source Files</Filter>
    </ClCompile>
    <ClCompile Include="libs\imgui\imgui_impl_opengl3.cpp">
      <Filter>Source Files</Filter>
    </ClCompile>
    <ClCompile Include="libs\imgui\imgui_impl_glfw.cpp">
      <Filter>Source Files</Filter>
    </ClCompile>
    <ClCompile Include="core\uuid_object.cpp">
      <Filter>Source Files</Filter>
    </ClCompile>
    <ClCompile Include="graphics\renderer.cpp">
      <Filter>Source Files</Filter>
    </ClCompile>
    <ClCompile Include="core\input_manager.cpp">
      <Filter>Source Files</Filter>
    </ClCompile>
    <ClCompile Include="graphics\vertex_buffer.cpp">
      <Filter>Source Files</Filter>
    </ClCompile>
    <ClCompile Include="graphics\index_buffer.cpp">
      <Filter>Source Files</Filter>
    </ClCompile>
    <ClCompile Include="io\resource_manager.cpp">
      <Filter>Source Files</Filter>
    </ClCompile>
    <ClCompile Include="graphics\shader.cpp">
      <Filter>Source Files</Filter>
    </ClCompile>
    <ClCompile Include="game\components\drawable.cpp">
      <Filter>Source Files</Filter>
    </ClCompile>
    <ClCompile Include="graphics\buffer.cpp">
      <Filter>Source Files</Filter>
    </ClCompile>
    <ClCompile Include="game\game_object.cpp">
      <Filter>Source Files</Filter>
    </ClCompile>
    <ClCompile Include="game\components\transform.cpp">
      <Filter>Source Files</Filter>
    </ClCompile>
    <ClCompile Include="game\components\component.cpp">
      <Filter>Source Files</Filter>
    </ClCompile>
    <ClCompile Include="game\components\camera.cpp">
      <Filter>Source Files</Filter>
    </ClCompile>
    <ClCompile Include="game\scene\scene_manager.cpp">
      <Filter>Source Files</Filter>
    </ClCompile>
    <ClCompile Include="game\scene\scene.cpp">
      <Filter>Source Files</Filter>
    </ClCompile>
    <ClCompile Include="game\components\test_comp_rotator.cpp">
      <Filter>Source Files</Filter>
    </ClCompile>
    <ClCompile Include="graphics\texture.cpp">
      <Filter>Source Files</Filter>
    </ClCompile>
    <ClCompile Include="graphics\frame_buffer.cpp">
      <Filter>Source Files</Filter>
    </ClCompile>
    <ClCompile Include="scripts\script_core.cpp">
      <Filter>Source Files</Filter>
    </ClCompile>
    <ClCompile Include="core\editor\filesystem_tree_ui.cpp">
      <Filter>Source Files</Filter>
    </ClCompile>
  </ItemGroup>
</Project>